{
  "name": "instagram_node_util",
  "version": "1.0.0",
  "lockfileVersion": 1,
  "requires": true,
  "dependencies": {
    "axios": {
      "version": "0.18.0",
      "resolved": "https://registry.npmjs.org/axios/-/axios-0.18.0.tgz",
      "integrity": "sha1-MtU+SFHv3AoRmTts0AB4nXDAUQI=",
      "requires": {
        "follow-redirects": "1.4.1",
        "is-buffer": "1.1.6"
      }
    },
    "commander": {
      "version": "2.14.1",
      "resolved": "https://registry.npmjs.org/commander/-/commander-2.14.1.tgz",
      "integrity": "sha512-+YR16o3rK53SmWHU3rEM3tPAh2rwb1yPcQX5irVn7mb0gXbwuCCrnkbV5+PBfETdfg1vui07nM6PCG1zndcjQw=="
    },
    "csv": {
      "version": "2.0.0",
      "resolved": "https://registry.npmjs.org/csv/-/csv-2.0.0.tgz",
      "integrity": "sha1-DVHY+j7OJ4tUCfeVcX/PzVrOmz4=",
      "requires": {
        "csv-generate": "2.0.2",
        "csv-parse": "2.0.4",
        "csv-stringify": "2.0.4",
        "stream-transform": "1.0.2"
      }
    },
    "csv-generate": {
      "version": "2.0.2",
      "resolved": "https://registry.npmjs.org/csv-generate/-/csv-generate-2.0.2.tgz",
      "integrity": "sha512-oyidhQ/sQcqKOyt+hRnL9oiqFFWsEkOwBE7tEV3pwku6dSuFUQqTGfhYXH/HZ3rKy8xBtcrwsspmXVo+LPijuA=="
    },
    "csv-parse": {
      "version": "2.0.4",
      "resolved": "https://registry.npmjs.org/csv-parse/-/csv-parse-2.0.4.tgz",
      "integrity": "sha512-Kg6gTYPQQX4DcwSDFJ1DJupOjWFyzjPFxTqkPP7bVehzRENjTTUx4XuiFwVhUIFt9Z5sShaMm/ebWvcA7U0j7A=="
    },
    "csv-stringify": {
      "version": "2.0.4",
      "resolved": "https://registry.npmjs.org/csv-stringify/-/csv-stringify-2.0.4.tgz",
      "integrity": "sha512-rm8JxNYXglaDKExA2KqCKY+jx8qVBSkXm8/bgw2BIyzLq1/qni/QMSPBchAkd8RGsJhMJDQ+ZxikG/Qgvck+gQ==",
      "requires": {
        "lodash.get": "4.4.2"
      }
    },
    "csvtojson": {
      "version": "1.1.9",
      "resolved": "https://registry.npmjs.org/csvtojson/-/csvtojson-1.1.9.tgz",
      "integrity": "sha1-5kGucve8L6P5qvEn4CH8iUR8HNE=",
      "requires": {
        "lodash": "4.17.5",
        "strip-bom": "1.0.0"
      }
    },
    "debug": {
      "version": "3.1.0",
      "resolved": "https://registry.npmjs.org/debug/-/debug-3.1.0.tgz",
      "integrity": "sha512-OX8XqP7/1a9cqkxYw2yXss15f26NKWBpDXQd0/uK/KPqdQhxbPa994hnzjcE2VqQpDslf55723cKPUOGSmMY3g==",
      "requires": {
        "ms": "2.0.0"
      }
    },
    "first-chunk-stream": {
      "version": "1.0.0",
      "resolved": "https://registry.npmjs.org/first-chunk-stream/-/first-chunk-stream-1.0.0.tgz",
      "integrity": "sha1-Wb+1DNkF9g18OUzT2ayqtOatk04="
    },
    "follow-redirects": {
      "version": "1.4.1",
      "resolved": "https://registry.npmjs.org/follow-redirects/-/follow-redirects-1.4.1.tgz",
      "integrity": "sha512-uxYePVPogtya1ktGnAAXOacnbIuRMB4dkvqeNz2qTtTQsuzSfbDolV+wMMKxAmCx0bLgAKLbBOkjItMbbkR1vg==",
      "requires": {
        "debug": "3.1.0"
      }
    },
    "is-buffer": {
      "version": "1.1.6",
      "resolved": "https://registry.npmjs.org/is-buffer/-/is-buffer-1.1.6.tgz",
      "integrity": "sha512-NcdALwpXkTm5Zvvbk7owOUSvVvBKDgKP5/ewfXEznmQFfs4ZRmanOeKBTjRVjka3QFoN6XJ+9F3USqfHqTaU5w=="
    },
    "is-utf8": {
      "version": "0.2.1",
      "resolved": "https://registry.npmjs.org/is-utf8/-/is-utf8-0.2.1.tgz",
      "integrity": "sha1-Sw2hRCEE0bM2NA6AeX6GXPOffXI="
    },
    "lodash": {
      "version": "4.17.5",
      "resolved": "https://registry.npmjs.org/lodash/-/lodash-4.17.5.tgz",
      "integrity": "sha512-svL3uiZf1RwhH+cWrfZn3A4+U58wbP0tGVTLQPbjplZxZ8ROD9VLuNgsRniTlLe7OlSqR79RUehXgpBW/s0IQw=="
    },
    "lodash.get": {
      "version": "4.4.2",
      "resolved": "https://registry.npmjs.org/lodash.get/-/lodash.get-4.4.2.tgz",
      "integrity": "sha1-LRd/ZS+jHpObRDjVNBSZ36OCXpk="
    },
    "ms": {
      "version": "2.0.0",
      "resolved": "https://registry.npmjs.org/ms/-/ms-2.0.0.tgz",
      "integrity": "sha1-VgiurfwAvmwpAd9fmGF4jeDVl8g="
    },
    "progress": {
      "version": "2.0.0",
      "resolved": "https://registry.npmjs.org/progress/-/progress-2.0.0.tgz",
      "integrity": "sha1-ihvjZr+Pwj2yvSPxDG/pILQ4nR8="
    },
    "stream-transform": {
      "version": "1.0.2",
      "resolved": "https://registry.npmjs.org/stream-transform/-/stream-transform-1.0.2.tgz",
      "integrity": "sha512-LNcZSF01PZ+bM0OqwPY7UHPiKoxSmLGHAcqakvh01DCU98ONEslLORdyBPdmTqjTpZSfCiaYLV4sci9y5M47oA=="
    },
    "strip-bom": {
      "version": "1.0.0",
      "resolved": "https://registry.npmjs.org/strip-bom/-/strip-bom-1.0.0.tgz",
      "integrity": "sha1-hbiGLzhEtabV7IRnqTWYFzo295Q=",
      "requires": {
        "first-chunk-stream": "1.0.0",
        "is-utf8": "0.2.1"
      }
    }
  }
}
